// !$*UTF8*$!
{
	archiveVersion = 1;
	classes = {
	};
	objectVersion = 50;
	objects = {

/* Begin PBXBuildFile section */
		45198A61212456FE00F3DB58 /* HomeCell.swift in Sources */ = {isa = PBXBuildFile; fileRef = 45198A5F212456FE00F3DB58 /* HomeCell.swift */; };
		45198A62212456FE00F3DB58 /* HomeCell.xib in Resources */ = {isa = PBXBuildFile; fileRef = 45198A60212456FE00F3DB58 /* HomeCell.xib */; };
		45198A6521245C8300F3DB58 /* Post.swift in Sources */ = {isa = PBXBuildFile; fileRef = 45198A6421245C8300F3DB58 /* Post.swift */; };
		45198A6821245DC500F3DB58 /* HomeViewModel.swift in Sources */ = {isa = PBXBuildFile; fileRef = 45198A6721245DC500F3DB58 /* HomeViewModel.swift */; };
		4531A4D6210C096500D2E9A0 /* SignInViewModel.swift in Sources */ = {isa = PBXBuildFile; fileRef = 4531A4D5210C096500D2E9A0 /* SignInViewModel.swift */; };
		4531A4DD210C0E8800D2E9A0 /* TransitionManager.swift in Sources */ = {isa = PBXBuildFile; fileRef = 4531A4DC210C0E8800D2E9A0 /* TransitionManager.swift */; };
		4531A4E1210C0EFF00D2E9A0 /* RegisterViewController.swift in Sources */ = {isa = PBXBuildFile; fileRef = 4531A4E0210C0EFF00D2E9A0 /* RegisterViewController.swift */; };
		4531A4E4210C14CB00D2E9A0 /* Constants.swift in Sources */ = {isa = PBXBuildFile; fileRef = 4531A4E3210C14CB00D2E9A0 /* Constants.swift */; };
		4531A4E7210C15B900D2E9A0 /* Reusable.swift in Sources */ = {isa = PBXBuildFile; fileRef = 4531A4E6210C15B900D2E9A0 /* Reusable.swift */; };
		4531A4E9210C4FD100D2E9A0 /* RegisterViewModel.swift in Sources */ = {isa = PBXBuildFile; fileRef = 4531A4E8210C4FD100D2E9A0 /* RegisterViewModel.swift */; };
		4531A4ED210C524400D2E9A0 /* FirebaseService.swift in Sources */ = {isa = PBXBuildFile; fileRef = 4531A4EC210C524400D2E9A0 /* FirebaseService.swift */; };
		4531A4F1210C997300D2E9A0 /* User.swift in Sources */ = {isa = PBXBuildFile; fileRef = 4531A4F0210C997300D2E9A0 /* User.swift */; };
		45448E8D210B4C9B0011DED0 /* AppDelegate.swift in Sources */ = {isa = PBXBuildFile; fileRef = 45448E8C210B4C9B0011DED0 /* AppDelegate.swift */; };
		45448E8F210B4C9B0011DED0 /* SignInViewController.swift in Sources */ = {isa = PBXBuildFile; fileRef = 45448E8E210B4C9B0011DED0 /* SignInViewController.swift */; };
		45448E92210B4C9B0011DED0 /* Authen.storyboard in Resources */ = {isa = PBXBuildFile; fileRef = 45448E90210B4C9B0011DED0 /* Authen.storyboard */; };
		45448E94210B4C9C0011DED0 /* Assets.xcassets in Resources */ = {isa = PBXBuildFile; fileRef = 45448E93210B4C9C0011DED0 /* Assets.xcassets */; };
		45448E97210B4C9C0011DED0 /* LaunchScreen.storyboard in Resources */ = {isa = PBXBuildFile; fileRef = 45448E95210B4C9C0011DED0 /* LaunchScreen.storyboard */; };
		45448E9F210B4F990011DED0 /* GoogleService-Info.plist in Resources */ = {isa = PBXBuildFile; fileRef = 45448E9E210B4F990011DED0 /* GoogleService-Info.plist */; };
		45448EA3210B50BF0011DED0 /* BaseViewController.swift in Sources */ = {isa = PBXBuildFile; fileRef = 45448EA2210B50BF0011DED0 /* BaseViewController.swift */; };
		45448EA8210B52360011DED0 /* TabBarViewController.swift in Sources */ = {isa = PBXBuildFile; fileRef = 45448EA7210B52360011DED0 /* TabBarViewController.swift */; };
		45448EAD210B52A50011DED0 /* ProgressView.swift in Sources */ = {isa = PBXBuildFile; fileRef = 45448EAC210B52A50011DED0 /* ProgressView.swift */; };
		45448EAF210B54200011DED0 /* Billabong.ttf in Resources */ = {isa = PBXBuildFile; fileRef = 45448EAE210B54200011DED0 /* Billabong.ttf */; };
		45448EB2210B546A0011DED0 /* Font.swift in Sources */ = {isa = PBXBuildFile; fileRef = 45448EB1210B546A0011DED0 /* Font.swift */; };
		45448EB5210B5B290011DED0 /* UIExtensions.swift in Sources */ = {isa = PBXBuildFile; fileRef = 45448EB4210B5B290011DED0 /* UIExtensions.swift */; };
		4546ADCC211E7E0500DB3AE7 /* UserData.swift in Sources */ = {isa = PBXBuildFile; fileRef = 4546ADCB211E7E0500DB3AE7 /* UserData.swift */; };
		455FCFEA2111EF6600768B3F /* Pastel.swift in Sources */ = {isa = PBXBuildFile; fileRef = 455FCFE92111EF6600768B3F /* Pastel.swift */; };
		455FCFED2111F1E300768B3F /* Parser.swift in Sources */ = {isa = PBXBuildFile; fileRef = 455FCFEC2111F1E300768B3F /* Parser.swift */; };
		455FCFEF2111F26000768B3F /* HandleUserData.swift in Sources */ = {isa = PBXBuildFile; fileRef = 455FCFEE2111F26000768B3F /* HandleUserData.swift */; };
		45BE3492211DD3270038F53C /* BaseViewModel.swift in Sources */ = {isa = PBXBuildFile; fileRef = 45BE3491211DD3270038F53C /* BaseViewModel.swift */; };
		45F264C02115483700CA92B3 /* HomeViewController.swift in Sources */ = {isa = PBXBuildFile; fileRef = 45F264BF2115483700CA92B3 /* HomeViewController.swift */; };
		45F264C22115487F00CA92B3 /* CameraViewController.swift in Sources */ = {isa = PBXBuildFile; fileRef = 45F264C12115487F00CA92B3 /* CameraViewController.swift */; };
		45F264C42115498F00CA92B3 /* SearchViewController.swift in Sources */ = {isa = PBXBuildFile; fileRef = 45F264C32115498F00CA92B3 /* SearchViewController.swift */; };
		45F264C6211549CF00CA92B3 /* InfoViewController.swift in Sources */ = {isa = PBXBuildFile; fileRef = 45F264C5211549CF00CA92B3 /* InfoViewController.swift */; };
		45F264C8211549F100CA92B3 /* NotiViewController.swift in Sources */ = {isa = PBXBuildFile; fileRef = 45F264C7211549F100CA92B3 /* NotiViewController.swift */; };
		45F264CB21154A2300CA92B3 /* Main.storyboard in Resources */ = {isa = PBXBuildFile; fileRef = 45F264CA21154A2300CA92B3 /* Main.storyboard */; };
		45F264CE2115DD2200CA92B3 /* CameraViewModel.swift in Sources */ = {isa = PBXBuildFile; fileRef = 45F264CD2115DD2200CA92B3 /* CameraViewModel.swift */; };
		656685670981DA768201F6BE /* Pods_RxSwift_Instagram.framework in Frameworks */ = {isa = PBXBuildFile; fileRef = DF4F3AF2AC02443A117CAF23 /* Pods_RxSwift_Instagram.framework */; };
/* End PBXBuildFile section */

/* Begin PBXFileReference section */
		43EA38942AB18AFF8FA855FD /* Pods-RxSwift_Instagram.debug.xcconfig */ = {isa = PBXFileReference; includeInIndex = 1; lastKnownFileType = text.xcconfig; name = "Pods-RxSwift_Instagram.debug.xcconfig"; path = "Pods/Target Support Files/Pods-RxSwift_Instagram/Pods-RxSwift_Instagram.debug.xcconfig"; sourceTree = "<group>"; };
		45198A5F212456FE00F3DB58 /* HomeCell.swift */ = {isa = PBXFileReference; lastKnownFileType = sourcecode.swift; path = HomeCell.swift; sourceTree = "<group>"; };
		45198A60212456FE00F3DB58 /* HomeCell.xib */ = {isa = PBXFileReference; lastKnownFileType = file.xib; path = HomeCell.xib; sourceTree = "<group>"; };
		45198A6421245C8300F3DB58 /* Post.swift */ = {isa = PBXFileReference; lastKnownFileType = sourcecode.swift; path = Post.swift; sourceTree = "<group>"; };
		45198A6721245DC500F3DB58 /* HomeViewModel.swift */ = {isa = PBXFileReference; lastKnownFileType = sourcecode.swift; path = HomeViewModel.swift; sourceTree = "<group>"; };
		4531A4D5210C096500D2E9A0 /* SignInViewModel.swift */ = {isa = PBXFileReference; lastKnownFileType = sourcecode.swift; path = SignInViewModel.swift; sourceTree = "<group>"; };
		4531A4DC210C0E8800D2E9A0 /* TransitionManager.swift */ = {isa = PBXFileReference; lastKnownFileType = sourcecode.swift; path = TransitionManager.swift; sourceTree = "<group>"; };
		4531A4E0210C0EFF00D2E9A0 /* RegisterViewController.swift */ = {isa = PBXFileReference; lastKnownFileType = sourcecode.swift; path = RegisterViewController.swift; sourceTree = "<group>"; };
		4531A4E3210C14CB00D2E9A0 /* Constants.swift */ = {isa = PBXFileReference; lastKnownFileType = sourcecode.swift; path = Constants.swift; sourceTree = "<group>"; };
		4531A4E6210C15B900D2E9A0 /* Reusable.swift */ = {isa = PBXFileReference; lastKnownFileType = sourcecode.swift; path = Reusable.swift; sourceTree = "<group>"; };
		4531A4E8210C4FD100D2E9A0 /* RegisterViewModel.swift */ = {isa = PBXFileReference; lastKnownFileType = sourcecode.swift; path = RegisterViewModel.swift; sourceTree = "<group>"; };
		4531A4EC210C524400D2E9A0 /* FirebaseService.swift */ = {isa = PBXFileReference; lastKnownFileType = sourcecode.swift; path = FirebaseService.swift; sourceTree = "<group>"; };
		4531A4F0210C997300D2E9A0 /* User.swift */ = {isa = PBXFileReference; lastKnownFileType = sourcecode.swift; path = User.swift; sourceTree = "<group>"; };
		45448E89210B4C9A0011DED0 /* RxSwift_Instagram.app */ = {isa = PBXFileReference; explicitFileType = wrapper.application; includeInIndex = 0; path = RxSwift_Instagram.app; sourceTree = BUILT_PRODUCTS_DIR; };
		45448E8C210B4C9B0011DED0 /* AppDelegate.swift */ = {isa = PBXFileReference; lastKnownFileType = sourcecode.swift; path = AppDelegate.swift; sourceTree = "<group>"; };
		45448E8E210B4C9B0011DED0 /* SignInViewController.swift */ = {isa = PBXFileReference; lastKnownFileType = sourcecode.swift; path = SignInViewController.swift; sourceTree = "<group>"; };
		45448E91210B4C9B0011DED0 /* Base */ = {isa = PBXFileReference; lastKnownFileType = file.storyboard; name = Base; path = Base.lproj/Authen.storyboard; sourceTree = "<group>"; };
		45448E93210B4C9C0011DED0 /* Assets.xcassets */ = {isa = PBXFileReference; lastKnownFileType = folder.assetcatalog; path = Assets.xcassets; sourceTree = "<group>"; };
		45448E96210B4C9C0011DED0 /* Base */ = {isa = PBXFileReference; lastKnownFileType = file.storyboard; name = Base; path = Base.lproj/LaunchScreen.storyboard; sourceTree = "<group>"; };
		45448E98210B4C9C0011DED0 /* Info.plist */ = {isa = PBXFileReference; lastKnownFileType = text.plist.xml; path = Info.plist; sourceTree = "<group>"; };
		45448E9E210B4F990011DED0 /* GoogleService-Info.plist */ = {isa = PBXFileReference; fileEncoding = 4; lastKnownFileType = text.plist.xml; name = "GoogleService-Info.plist"; path = "../../GoogleService-Info.plist"; sourceTree = "<group>"; };
		45448EA2210B50BF0011DED0 /* BaseViewController.swift */ = {isa = PBXFileReference; lastKnownFileType = sourcecode.swift; path = BaseViewController.swift; sourceTree = "<group>"; };
		45448EA7210B52360011DED0 /* TabBarViewController.swift */ = {isa = PBXFileReference; lastKnownFileType = sourcecode.swift; path = TabBarViewController.swift; sourceTree = "<group>"; };
		45448EAC210B52A50011DED0 /* ProgressView.swift */ = {isa = PBXFileReference; lastKnownFileType = sourcecode.swift; path = ProgressView.swift; sourceTree = "<group>"; };
		45448EAE210B54200011DED0 /* Billabong.ttf */ = {isa = PBXFileReference; lastKnownFileType = file; path = Billabong.ttf; sourceTree = "<group>"; };
		45448EB1210B546A0011DED0 /* Font.swift */ = {isa = PBXFileReference; lastKnownFileType = sourcecode.swift; path = Font.swift; sourceTree = "<group>"; };
		45448EB4210B5B290011DED0 /* UIExtensions.swift */ = {isa = PBXFileReference; lastKnownFileType = sourcecode.swift; path = UIExtensions.swift; sourceTree = "<group>"; };
		4546ADCB211E7E0500DB3AE7 /* UserData.swift */ = {isa = PBXFileReference; lastKnownFileType = sourcecode.swift; path = UserData.swift; sourceTree = "<group>"; };
		455FCFE92111EF6600768B3F /* Pastel.swift */ = {isa = PBXFileReference; lastKnownFileType = sourcecode.swift; path = Pastel.swift; sourceTree = "<group>"; };
		455FCFEC2111F1E300768B3F /* Parser.swift */ = {isa = PBXFileReference; lastKnownFileType = sourcecode.swift; path = Parser.swift; sourceTree = "<group>"; };
		455FCFEE2111F26000768B3F /* HandleUserData.swift */ = {isa = PBXFileReference; lastKnownFileType = sourcecode.swift; path = HandleUserData.swift; sourceTree = "<group>"; };
		45BE3491211DD3270038F53C /* BaseViewModel.swift */ = {isa = PBXFileReference; lastKnownFileType = sourcecode.swift; path = BaseViewModel.swift; sourceTree = "<group>"; };
		45F264BF2115483700CA92B3 /* HomeViewController.swift */ = {isa = PBXFileReference; lastKnownFileType = sourcecode.swift; path = HomeViewController.swift; sourceTree = "<group>"; };
		45F264C12115487F00CA92B3 /* CameraViewController.swift */ = {isa = PBXFileReference; lastKnownFileType = sourcecode.swift; path = CameraViewController.swift; sourceTree = "<group>"; };
		45F264C32115498F00CA92B3 /* SearchViewController.swift */ = {isa = PBXFileReference; lastKnownFileType = sourcecode.swift; path = SearchViewController.swift; sourceTree = "<group>"; };
		45F264C5211549CF00CA92B3 /* InfoViewController.swift */ = {isa = PBXFileReference; lastKnownFileType = sourcecode.swift; path = InfoViewController.swift; sourceTree = "<group>"; };
		45F264C7211549F100CA92B3 /* NotiViewController.swift */ = {isa = PBXFileReference; lastKnownFileType = sourcecode.swift; path = NotiViewController.swift; sourceTree = "<group>"; };
		45F264CA21154A2300CA92B3 /* Main.storyboard */ = {isa = PBXFileReference; lastKnownFileType = file.storyboard; path = Main.storyboard; sourceTree = "<group>"; };
		45F264CD2115DD2200CA92B3 /* CameraViewModel.swift */ = {isa = PBXFileReference; lastKnownFileType = sourcecode.swift; path = CameraViewModel.swift; sourceTree = "<group>"; };
		A7A6C76AA02C3AF25B7D7DCC /* Pods-RxSwift_Instagram.release.xcconfig */ = {isa = PBXFileReference; includeInIndex = 1; lastKnownFileType = text.xcconfig; name = "Pods-RxSwift_Instagram.release.xcconfig"; path = "Pods/Target Support Files/Pods-RxSwift_Instagram/Pods-RxSwift_Instagram.release.xcconfig"; sourceTree = "<group>"; };
		DF4F3AF2AC02443A117CAF23 /* Pods_RxSwift_Instagram.framework */ = {isa = PBXFileReference; explicitFileType = wrapper.framework; includeInIndex = 0; path = Pods_RxSwift_Instagram.framework; sourceTree = BUILT_PRODUCTS_DIR; };
/* End PBXFileReference section */

/* Begin PBXFrameworksBuildPhase section */
		45448E86210B4C9A0011DED0 /* Frameworks */ = {
			isa = PBXFrameworksBuildPhase;
			buildActionMask = 2147483647;
			files = (
				656685670981DA768201F6BE /* Pods_RxSwift_Instagram.framework in Frameworks */,
			);
			runOnlyForDeploymentPostprocessing = 0;
		};
/* End PBXFrameworksBuildPhase section */

/* Begin PBXGroup section */
		2E9137330C66022F6774380B /* Pods */ = {
			isa = PBXGroup;
			children = (
				43EA38942AB18AFF8FA855FD /* Pods-RxSwift_Instagram.debug.xcconfig */,
				A7A6C76AA02C3AF25B7D7DCC /* Pods-RxSwift_Instagram.release.xcconfig */,
			);
			name = Pods;
			sourceTree = "<group>";
		};
		45198A5E212456DE00F3DB58 /* HomeCell */ = {
			isa = PBXGroup;
			children = (
				45198A5F212456FE00F3DB58 /* HomeCell.swift */,
				45198A60212456FE00F3DB58 /* HomeCell.xib */,
			);
			path = HomeCell;
			sourceTree = "<group>";
		};
		45198A6321245C7800F3DB58 /* Post */ = {
			isa = PBXGroup;
			children = (
				45198A6421245C8300F3DB58 /* Post.swift */,
			);
			path = Post;
			sourceTree = "<group>";
		};
		45198A6621245DB500F3DB58 /* HomeViewModel */ = {
			isa = PBXGroup;
			children = (
				45198A6721245DC500F3DB58 /* HomeViewModel.swift */,
			);
			path = HomeViewModel;
			sourceTree = "<group>";
		};
		4531A4D3210C094500D2E9A0 /* ViewModel */ = {
			isa = PBXGroup;
			children = (
				45198A6621245DB500F3DB58 /* HomeViewModel */,
				45BE3490211DD3160038F53C /* BaseViewModel */,
				45F264CC2115DD0E00CA92B3 /* CameraViewModel */,
				4531A4DE210C0EDB00D2E9A0 /* RegisterViewModel */,
				4531A4D4210C094D00D2E9A0 /* SignInViewModel */,
			);
			path = ViewModel;
			sourceTree = "<group>";
		};
		4531A4D4210C094D00D2E9A0 /* SignInViewModel */ = {
			isa = PBXGroup;
			children = (
				4531A4D5210C096500D2E9A0 /* SignInViewModel.swift */,
			);
			path = SignInViewModel;
			sourceTree = "<group>";
		};
		4531A4D7210C0C6500D2E9A0 /* Resource */ = {
			isa = PBXGroup;
			children = (
				4531A4D8210C0C6C00D2E9A0 /* Storyboards */,
			);
			path = Resource;
			sourceTree = "<group>";
		};
		4531A4D8210C0C6C00D2E9A0 /* Storyboards */ = {
			isa = PBXGroup;
			children = (
				45F264C921154A1500CA92B3 /* Main */,
				4531A4D9210C0C7300D2E9A0 /* Authen */,
			);
			path = Storyboards;
			sourceTree = "<group>";
		};
		4531A4D9210C0C7300D2E9A0 /* Authen */ = {
			isa = PBXGroup;
			children = (
				45448E90210B4C9B0011DED0 /* Authen.storyboard */,
			);
			path = Authen;
			sourceTree = "<group>";
		};
		4531A4DA210C0E6900D2E9A0 /* Libraries */ = {
			isa = PBXGroup;
			children = (
				4531A4DB210C0E7500D2E9A0 /* TransitionManager */,
			);
			path = Libraries;
			sourceTree = "<group>";
		};
		4531A4DB210C0E7500D2E9A0 /* TransitionManager */ = {
			isa = PBXGroup;
			children = (
				4531A4DC210C0E8800D2E9A0 /* TransitionManager.swift */,
			);
			path = TransitionManager;
			sourceTree = "<group>";
		};
		4531A4DE210C0EDB00D2E9A0 /* RegisterViewModel */ = {
			isa = PBXGroup;
			children = (
				4531A4E8210C4FD100D2E9A0 /* RegisterViewModel.swift */,
			);
			path = RegisterViewModel;
			sourceTree = "<group>";
		};
		4531A4DF210C0EEA00D2E9A0 /* RegisterVC */ = {
			isa = PBXGroup;
			children = (
				4531A4E0210C0EFF00D2E9A0 /* RegisterViewController.swift */,
			);
			path = RegisterVC;
			sourceTree = "<group>";
		};
		4531A4E2210C14B900D2E9A0 /* Constants */ = {
			isa = PBXGroup;
			children = (
				4531A4E3210C14CB00D2E9A0 /* Constants.swift */,
			);
			path = Constants;
			sourceTree = "<group>";
		};
		4531A4E5210C15A700D2E9A0 /* Reusable */ = {
			isa = PBXGroup;
			children = (
				4531A4E6210C15B900D2E9A0 /* Reusable.swift */,
			);
			path = Reusable;
			sourceTree = "<group>";
		};
		4531A4EA210C522F00D2E9A0 /* Services */ = {
			isa = PBXGroup;
			children = (
				4531A4EB210C523600D2E9A0 /* FirebaseService */,
			);
			path = Services;
			sourceTree = "<group>";
		};
		4531A4EB210C523600D2E9A0 /* FirebaseService */ = {
			isa = PBXGroup;
			children = (
				4531A4EC210C524400D2E9A0 /* FirebaseService.swift */,
			);
			path = FirebaseService;
			sourceTree = "<group>";
		};
		4531A4EE210C996300D2E9A0 /* Model */ = {
			isa = PBXGroup;
			children = (
				45198A6321245C7800F3DB58 /* Post */,
				4531A4EF210C996900D2E9A0 /* User */,
			);
			path = Model;
			sourceTree = "<group>";
		};
		4531A4EF210C996900D2E9A0 /* User */ = {
			isa = PBXGroup;
			children = (
				4531A4F0210C997300D2E9A0 /* User.swift */,
			);
			path = User;
			sourceTree = "<group>";
		};
		45448E80210B4C9A0011DED0 = {
			isa = PBXGroup;
			children = (
				45448E8B210B4C9A0011DED0 /* RxSwift_Instagram */,
				45448E8A210B4C9A0011DED0 /* Products */,
				2E9137330C66022F6774380B /* Pods */,
				EF4A6F03C757FAB501E47653 /* Frameworks */,
			);
			sourceTree = "<group>";
		};
		45448E8A210B4C9A0011DED0 /* Products */ = {
			isa = PBXGroup;
			children = (
				45448E89210B4C9A0011DED0 /* RxSwift_Instagram.app */,
			);
			name = Products;
			sourceTree = "<group>";
		};
		45448E8B210B4C9A0011DED0 /* RxSwift_Instagram */ = {
			isa = PBXGroup;
			children = (
				45448E8C210B4C9B0011DED0 /* AppDelegate.swift */,
				455FCFE52111EF2E00768B3F /* Views */,
				4531A4EE210C996300D2E9A0 /* Model */,
				4531A4EA210C522F00D2E9A0 /* Services */,
				4531A4DA210C0E6900D2E9A0 /* Libraries */,
				4531A4D7210C0C6500D2E9A0 /* Resource */,
				4531A4D3210C094500D2E9A0 /* ViewModel */,
				45448EA9210B527E0011DED0 /* Configs */,
				45448EA0210B505A0011DED0 /* ViewControllers */,
				45448E93210B4C9C0011DED0 /* Assets.xcassets */,
				45448E95210B4C9C0011DED0 /* LaunchScreen.storyboard */,
				45448E9E210B4F990011DED0 /* GoogleService-Info.plist */,
				45448E98210B4C9C0011DED0 /* Info.plist */,
				45448EAE210B54200011DED0 /* Billabong.ttf */,
			);
			path = RxSwift_Instagram;
			sourceTree = "<group>";
		};
		45448EA0210B505A0011DED0 /* ViewControllers */ = {
			isa = PBXGroup;
			children = (
				45F264B9211547D900CA92B3 /* MainVC */,
				45448EA1210B50AD0011DED0 /* BaseVC */,
				45448EA6210B520D0011DED0 /* TabBarVC */,
				45448EA4210B515B0011DED0 /* AuthenVC */,
			);
			path = ViewControllers;
			sourceTree = "<group>";
		};
		45448EA1210B50AD0011DED0 /* BaseVC */ = {
			isa = PBXGroup;
			children = (
				45448EA2210B50BF0011DED0 /* BaseViewController.swift */,
			);
			path = BaseVC;
			sourceTree = "<group>";
		};
		45448EA4210B515B0011DED0 /* AuthenVC */ = {
			isa = PBXGroup;
			children = (
				4531A4DF210C0EEA00D2E9A0 /* RegisterVC */,
				45448EA5210B51640011DED0 /* SignInVC */,
			);
			path = AuthenVC;
			sourceTree = "<group>";
		};
		45448EA5210B51640011DED0 /* SignInVC */ = {
			isa = PBXGroup;
			children = (
				45448E8E210B4C9B0011DED0 /* SignInViewController.swift */,
			);
			path = SignInVC;
			sourceTree = "<group>";
		};
		45448EA6210B520D0011DED0 /* TabBarVC */ = {
			isa = PBXGroup;
			children = (
				45448EA7210B52360011DED0 /* TabBarViewController.swift */,
			);
			path = TabBarVC;
			sourceTree = "<group>";
		};
		45448EA9210B527E0011DED0 /* Configs */ = {
			isa = PBXGroup;
			children = (
				4546ADCA211E7DE700DB3AE7 /* Protocol */,
				4531A4E5210C15A700D2E9A0 /* Reusable */,
				4531A4E2210C14B900D2E9A0 /* Constants */,
				45448EAA210B52840011DED0 /* Helper */,
			);
			path = Configs;
			sourceTree = "<group>";
		};
		45448EAA210B52840011DED0 /* Helper */ = {
			isa = PBXGroup;
			children = (
				455FCFEB2111F1B700768B3F /* HandleUserData */,
				45448EB3210B5B1B0011DED0 /* Extensions */,
				45448EB0210B54600011DED0 /* Font */,
				45448EAB210B52970011DED0 /* ProgressView */,
			);
			path = Helper;
			sourceTree = "<group>";
		};
		45448EAB210B52970011DED0 /* ProgressView */ = {
			isa = PBXGroup;
			children = (
				45448EAC210B52A50011DED0 /* ProgressView.swift */,
			);
			path = ProgressView;
			sourceTree = "<group>";
		};
		45448EB0210B54600011DED0 /* Font */ = {
			isa = PBXGroup;
			children = (
				45448EB1210B546A0011DED0 /* Font.swift */,
			);
			path = Font;
			sourceTree = "<group>";
		};
		45448EB3210B5B1B0011DED0 /* Extensions */ = {
			isa = PBXGroup;
			children = (
				45448EB4210B5B290011DED0 /* UIExtensions.swift */,
			);
			path = Extensions;
			sourceTree = "<group>";
		};
		4546ADCA211E7DE700DB3AE7 /* Protocol */ = {
			isa = PBXGroup;
			children = (
				4546ADCB211E7E0500DB3AE7 /* UserData.swift */,
			);
			path = Protocol;
			sourceTree = "<group>";
		};
		455FCFE52111EF2E00768B3F /* Views */ = {
			isa = PBXGroup;
			children = (
				45198A5E212456DE00F3DB58 /* HomeCell */,
				455FCFE62111EF3400768B3F /* PastelView */,
			);
			path = Views;
			sourceTree = "<group>";
		};
		455FCFE62111EF3400768B3F /* PastelView */ = {
			isa = PBXGroup;
			children = (
				455FCFE92111EF6600768B3F /* Pastel.swift */,
			);
			path = PastelView;
			sourceTree = "<group>";
		};
		455FCFEB2111F1B700768B3F /* HandleUserData */ = {
			isa = PBXGroup;
			children = (
				455FCFEC2111F1E300768B3F /* Parser.swift */,
				455FCFEE2111F26000768B3F /* HandleUserData.swift */,
			);
			path = HandleUserData;
			sourceTree = "<group>";
		};
		45BE3490211DD3160038F53C /* BaseViewModel */ = {
			isa = PBXGroup;
			children = (
				45BE3491211DD3270038F53C /* BaseViewModel.swift */,
			);
			path = BaseViewModel;
			sourceTree = "<group>";
		};
		45F264B9211547D900CA92B3 /* MainVC */ = {
			isa = PBXGroup;
			children = (
				45F264BE2115481200CA92B3 /* NotificationVC */,
				45F264BD2115480D00CA92B3 /* InfoVC */,
				45F264BC211547FD00CA92B3 /* SearchVC */,
				45F264BB211547F600CA92B3 /* CameraVC */,
				45F264BA211547E600CA92B3 /* HomeVC */,
			);
			path = MainVC;
			sourceTree = "<group>";
		};
		45F264BA211547E600CA92B3 /* HomeVC */ = {
			isa = PBXGroup;
			children = (
				45F264BF2115483700CA92B3 /* HomeViewController.swift */,
			);
			path = HomeVC;
			sourceTree = "<group>";
		};
		45F264BB211547F600CA92B3 /* CameraVC */ = {
			isa = PBXGroup;
			children = (
				45F264C12115487F00CA92B3 /* CameraViewController.swift */,
			);
			path = CameraVC;
			sourceTree = "<group>";
		};
		45F264BC211547FD00CA92B3 /* SearchVC */ = {
			isa = PBXGroup;
			children = (
				45F264C32115498F00CA92B3 /* SearchViewController.swift */,
			);
			path = SearchVC;
			sourceTree = "<group>";
		};
		45F264BD2115480D00CA92B3 /* InfoVC */ = {
			isa = PBXGroup;
			children = (
				45F264C5211549CF00CA92B3 /* InfoViewController.swift */,
			);
			path = InfoVC;
			sourceTree = "<group>";
		};
		45F264BE2115481200CA92B3 /* NotificationVC */ = {
			isa = PBXGroup;
			children = (
				45F264C7211549F100CA92B3 /* NotiViewController.swift */,
			);
			path = NotificationVC;
			sourceTree = "<group>";
		};
		45F264C921154A1500CA92B3 /* Main */ = {
			isa = PBXGroup;
			children = (
				45F264CA21154A2300CA92B3 /* Main.storyboard */,
			);
			path = Main;
			sourceTree = "<group>";
		};
		45F264CC2115DD0E00CA92B3 /* CameraViewModel */ = {
			isa = PBXGroup;
			children = (
				45F264CD2115DD2200CA92B3 /* CameraViewModel.swift */,
			);
			path = CameraViewModel;
			sourceTree = "<group>";
		};
		EF4A6F03C757FAB501E47653 /* Frameworks */ = {
			isa = PBXGroup;
			children = (
				DF4F3AF2AC02443A117CAF23 /* Pods_RxSwift_Instagram.framework */,
			);
			name = Frameworks;
			sourceTree = "<group>";
		};
/* End PBXGroup section */

/* Begin PBXNativeTarget section */
		45448E88210B4C9A0011DED0 /* RxSwift_Instagram */ = {
			isa = PBXNativeTarget;
			buildConfigurationList = 45448E9B210B4C9C0011DED0 /* Build configuration list for PBXNativeTarget "RxSwift_Instagram" */;
			buildPhases = (
				4C815320D87B521EADA8D013 /* [CP] Check Pods Manifest.lock */,
				45448E85210B4C9A0011DED0 /* Sources */,
				45448E86210B4C9A0011DED0 /* Frameworks */,
				45448E87210B4C9A0011DED0 /* Resources */,
				2660018C6FA2660AFDC72418 /* [CP] Embed Pods Frameworks */,
			);
			buildRules = (
			);
			dependencies = (
			);
			name = RxSwift_Instagram;
			productName = RxSwift_Instagram;
			productReference = 45448E89210B4C9A0011DED0 /* RxSwift_Instagram.app */;
			productType = "com.apple.product-type.application";
		};
/* End PBXNativeTarget section */

/* Begin PBXProject section */
		45448E81210B4C9A0011DED0 /* Project object */ = {
			isa = PBXProject;
			attributes = {
				LastSwiftUpdateCheck = 0940;
				LastUpgradeCheck = 0940;
				ORGANIZATIONNAME = SVS;
				TargetAttributes = {
					45448E88210B4C9A0011DED0 = {
						CreatedOnToolsVersion = 9.4;
					};
				};
			};
			buildConfigurationList = 45448E84210B4C9A0011DED0 /* Build configuration list for PBXProject "RxSwift_Instagram" */;
			compatibilityVersion = "Xcode 9.3";
			developmentRegion = en;
			hasScannedForEncodings = 0;
			knownRegions = (
				en,
				Base,
			);
			mainGroup = 45448E80210B4C9A0011DED0;
			productRefGroup = 45448E8A210B4C9A0011DED0 /* Products */;
			projectDirPath = "";
			projectRoot = "";
			targets = (
				45448E88210B4C9A0011DED0 /* RxSwift_Instagram */,
			);
		};
/* End PBXProject section */

/* Begin PBXResourcesBuildPhase section */
		45448E87210B4C9A0011DED0 /* Resources */ = {
			isa = PBXResourcesBuildPhase;
			buildActionMask = 2147483647;
			files = (
				45198A62212456FE00F3DB58 /* HomeCell.xib in Resources */,
				45448E97210B4C9C0011DED0 /* LaunchScreen.storyboard in Resources */,
				45448E9F210B4F990011DED0 /* GoogleService-Info.plist in Resources */,
				45448E94210B4C9C0011DED0 /* Assets.xcassets in Resources */,
				45F264CB21154A2300CA92B3 /* Main.storyboard in Resources */,
				45448EAF210B54200011DED0 /* Billabong.ttf in Resources */,
				45448E92210B4C9B0011DED0 /* Authen.storyboard in Resources */,
			);
			runOnlyForDeploymentPostprocessing = 0;
		};
/* End PBXResourcesBuildPhase section */

/* Begin PBXShellScriptBuildPhase section */
		2660018C6FA2660AFDC72418 /* [CP] Embed Pods Frameworks */ = {
			isa = PBXShellScriptBuildPhase;
			buildActionMask = 2147483647;
			files = (
			);
			inputPaths = (
				"${SRCROOT}/Pods/Target Support Files/Pods-RxSwift_Instagram/Pods-RxSwift_Instagram-frameworks.sh",
				"${BUILT_PRODUCTS_DIR}/GTMSessionFetcher/GTMSessionFetcher.framework",
				"${BUILT_PRODUCTS_DIR}/GoogleToolboxForMac/GoogleToolboxForMac.framework",
				"${BUILT_PRODUCTS_DIR}/IQKeyboardManagerSwift/IQKeyboardManagerSwift.framework",
				"${BUILT_PRODUCTS_DIR}/Kingfisher/Kingfisher.framework",
				"${BUILT_PRODUCTS_DIR}/NVActivityIndicatorView/NVActivityIndicatorView.framework",
				"${BUILT_PRODUCTS_DIR}/ObjectMapper/ObjectMapper.framework",
				"${BUILT_PRODUCTS_DIR}/Pastel/Pastel.framework",
				"${BUILT_PRODUCTS_DIR}/PryntTrimmerView/PryntTrimmerView.framework",
				"${BUILT_PRODUCTS_DIR}/RxCocoa/RxCocoa.framework",
				"${BUILT_PRODUCTS_DIR}/RxGesture/RxGesture.framework",
				"${BUILT_PRODUCTS_DIR}/RxSwift/RxSwift.framework",
				"${BUILT_PRODUCTS_DIR}/SteviaLayout/Stevia.framework",
				"${BUILT_PRODUCTS_DIR}/YPImagePicker/YPImagePicker.framework",
				"${BUILT_PRODUCTS_DIR}/leveldb-library/leveldb.framework",
				"${BUILT_PRODUCTS_DIR}/nanopb/nanopb.framework",
			);
			name = "[CP] Embed Pods Frameworks";
			outputPaths = (
				"${TARGET_BUILD_DIR}/${FRAMEWORKS_FOLDER_PATH}/GTMSessionFetcher.framework",
				"${TARGET_BUILD_DIR}/${FRAMEWORKS_FOLDER_PATH}/GoogleToolboxForMac.framework",
				"${TARGET_BUILD_DIR}/${FRAMEWORKS_FOLDER_PATH}/IQKeyboardManagerSwift.framework",
				"${TARGET_BUILD_DIR}/${FRAMEWORKS_FOLDER_PATH}/Kingfisher.framework",
				"${TARGET_BUILD_DIR}/${FRAMEWORKS_FOLDER_PATH}/NVActivityIndicatorView.framework",
				"${TARGET_BUILD_DIR}/${FRAMEWORKS_FOLDER_PATH}/ObjectMapper.framework",
				"${TARGET_BUILD_DIR}/${FRAMEWORKS_FOLDER_PATH}/Pastel.framework",
				"${TARGET_BUILD_DIR}/${FRAMEWORKS_FOLDER_PATH}/PryntTrimmerView.framework",
				"${TARGET_BUILD_DIR}/${FRAMEWORKS_FOLDER_PATH}/RxCocoa.framework",
				"${TARGET_BUILD_DIR}/${FRAMEWORKS_FOLDER_PATH}/RxGesture.framework",
				"${TARGET_BUILD_DIR}/${FRAMEWORKS_FOLDER_PATH}/RxSwift.framework",
				"${TARGET_BUILD_DIR}/${FRAMEWORKS_FOLDER_PATH}/Stevia.framework",
				"${TARGET_BUILD_DIR}/${FRAMEWORKS_FOLDER_PATH}/YPImagePicker.framework",
				"${TARGET_BUILD_DIR}/${FRAMEWORKS_FOLDER_PATH}/leveldb.framework",
				"${TARGET_BUILD_DIR}/${FRAMEWORKS_FOLDER_PATH}/nanopb.framework",
			);
			runOnlyForDeploymentPostprocessing = 0;
			shellPath = /bin/sh;
			shellScript = "\"${SRCROOT}/Pods/Target Support Files/Pods-RxSwift_Instagram/Pods-RxSwift_Instagram-frameworks.sh\"\n";
			showEnvVarsInLog = 0;
		};
		4C815320D87B521EADA8D013 /* [CP] Check Pods Manifest.lock */ = {
			isa = PBXShellScriptBuildPhase;
			buildActionMask = 2147483647;
			files = (
			);
			inputPaths = (
				"${PODS_PODFILE_DIR_PATH}/Podfile.lock",
				"${PODS_ROOT}/Manifest.lock",
			);
			name = "[CP] Check Pods Manifest.lock";
			outputPaths = (
				"$(DERIVED_FILE_DIR)/Pods-RxSwift_Instagram-checkManifestLockResult.txt",
			);
			runOnlyForDeploymentPostprocessing = 0;
			shellPath = /bin/sh;
			shellScript = "diff \"${PODS_PODFILE_DIR_PATH}/Podfile.lock\" \"${PODS_ROOT}/Manifest.lock\" > /dev/null\nif [ $? != 0 ] ; then\n    # print error to STDERR\n    echo \"error: The sandbox is not in sync with the Podfile.lock. Run 'pod install' or update your CocoaPods installation.\" >&2\n    exit 1\nfi\n# This output is used by Xcode 'outputs' to avoid re-running this script phase.\necho \"SUCCESS\" > \"${SCRIPT_OUTPUT_FILE_0}\"\n";
			showEnvVarsInLog = 0;
		};
/* End PBXShellScriptBuildPhase section */

/* Begin PBXSourcesBuildPhase section */
		45448E85210B4C9A0011DED0 /* Sources */ = {
			isa = PBXSourcesBuildPhase;
			buildActionMask = 2147483647;
			files = (
				4546ADCC211E7E0500DB3AE7 /* UserData.swift in Sources */,
				455FCFEA2111EF6600768B3F /* Pastel.swift in Sources */,
				45F264C22115487F00CA92B3 /* CameraViewController.swift in Sources */,
				4531A4E7210C15B900D2E9A0 /* Reusable.swift in Sources */,
				45F264C02115483700CA92B3 /* HomeViewController.swift in Sources */,
				45F264C8211549F100CA92B3 /* NotiViewController.swift in Sources */,
				45F264CE2115DD2200CA92B3 /* CameraViewModel.swift in Sources */,
				45198A61212456FE00F3DB58 /* HomeCell.swift in Sources */,
				45BE3492211DD3270038F53C /* BaseViewModel.swift in Sources */,
				45448EA8210B52360011DED0 /* TabBarViewController.swift in Sources */,
				4531A4E4210C14CB00D2E9A0 /* Constants.swift in Sources */,
				4531A4E1210C0EFF00D2E9A0 /* RegisterViewController.swift in Sources */,
				4531A4ED210C524400D2E9A0 /* FirebaseService.swift in Sources */,
				45448EB5210B5B290011DED0 /* UIExtensions.swift in Sources */,
				45448E8F210B4C9B0011DED0 /* SignInViewController.swift in Sources */,
				45198A6821245DC500F3DB58 /* HomeViewModel.swift in Sources */,
				45448EB2210B546A0011DED0 /* Font.swift in Sources */,
				4531A4F1210C997300D2E9A0 /* User.swift in Sources */,
				45F264C6211549CF00CA92B3 /* InfoViewController.swift in Sources */,
				4531A4D6210C096500D2E9A0 /* SignInViewModel.swift in Sources */,
				45198A6521245C8300F3DB58 /* Post.swift in Sources */,
				4531A4E9210C4FD100D2E9A0 /* RegisterViewModel.swift in Sources */,
				45448EAD210B52A50011DED0 /* ProgressView.swift in Sources */,
				45F264C42115498F00CA92B3 /* SearchViewController.swift in Sources */,
				4531A4DD210C0E8800D2E9A0 /* TransitionManager.swift in Sources */,
				455FCFEF2111F26000768B3F /* HandleUserData.swift in Sources */,
				45448E8D210B4C9B0011DED0 /* AppDelegate.swift in Sources */,
				455FCFED2111F1E300768B3F /* Parser.swift in Sources */,
				45448EA3210B50BF0011DED0 /* BaseViewController.swift in Sources */,
			);
			runOnlyForDeploymentPostprocessing = 0;
		};
/* End PBXSourcesBuildPhase section */

/* Begin PBXVariantGroup section */
		45448E90210B4C9B0011DED0 /* Authen.storyboard */ = {
			isa = PBXVariantGroup;
			children = (
				45448E91210B4C9B0011DED0 /* Base */,
			);
			name = Authen.storyboard;
			sourceTree = "<group>";
		};
		45448E95210B4C9C0011DED0 /* LaunchScreen.storyboard */ = {
			isa = PBXVariantGroup;
			children = (
				45448E96210B4C9C0011DED0 /* Base */,
			);
			name = LaunchScreen.storyboard;
			sourceTree = "<group>";
		};
/* End PBXVariantGroup section */

/* Begin XCBuildConfiguration section */
		45448E99210B4C9C0011DED0 /* Debug */ = {
			isa = XCBuildConfiguration;
			buildSettings = {
				ALWAYS_SEARCH_USER_PATHS = NO;
				CLANG_ANALYZER_NONNULL = YES;
				CLANG_ANALYZER_NUMBER_OBJECT_CONVERSION = YES_AGGRESSIVE;
				CLANG_CXX_LANGUAGE_STANDARD = "gnu++14";
				CLANG_CXX_LIBRARY = "libc++";
				CLANG_ENABLE_MODULES = YES;
				CLANG_ENABLE_OBJC_ARC = YES;
				CLANG_ENABLE_OBJC_WEAK = YES;
				CLANG_WARN_BLOCK_CAPTURE_AUTORELEASING = YES;
				CLANG_WARN_BOOL_CONVERSION = YES;
				CLANG_WARN_COMMA = YES;
				CLANG_WARN_CONSTANT_CONVERSION = YES;
				CLANG_WARN_DEPRECATED_OBJC_IMPLEMENTATIONS = YES;
				CLANG_WARN_DIRECT_OBJC_ISA_USAGE = YES_ERROR;
				CLANG_WARN_DOCUMENTATION_COMMENTS = YES;
				CLANG_WARN_EMPTY_BODY = YES;
				CLANG_WARN_ENUM_CONVERSION = YES;
				CLANG_WARN_INFINITE_RECURSION = YES;
				CLANG_WARN_INT_CONVERSION = YES;
				CLANG_WARN_NON_LITERAL_NULL_CONVERSION = YES;
				CLANG_WARN_OBJC_IMPLICIT_RETAIN_SELF = YES;
				CLANG_WARN_OBJC_LITERAL_CONVERSION = YES;
				CLANG_WARN_OBJC_ROOT_CLASS = YES_ERROR;
				CLANG_WARN_RANGE_LOOP_ANALYSIS = YES;
				CLANG_WARN_STRICT_PROTOTYPES = YES;
				CLANG_WARN_SUSPICIOUS_MOVE = YES;
				CLANG_WARN_UNGUARDED_AVAILABILITY = YES_AGGRESSIVE;
				CLANG_WARN_UNREACHABLE_CODE = YES;
				CLANG_WARN__DUPLICATE_METHOD_MATCH = YES;
				CODE_SIGN_IDENTITY = "iPhone Developer";
				COPY_PHASE_STRIP = NO;
				DEBUG_INFORMATION_FORMAT = dwarf;
				ENABLE_STRICT_OBJC_MSGSEND = YES;
				ENABLE_TESTABILITY = YES;
				GCC_C_LANGUAGE_STANDARD = gnu11;
				GCC_DYNAMIC_NO_PIC = NO;
				GCC_NO_COMMON_BLOCKS = YES;
				GCC_OPTIMIZATION_LEVEL = 0;
				GCC_PREPROCESSOR_DEFINITIONS = (
					"DEBUG=1",
					"$(inherited)",
				);
				GCC_WARN_64_TO_32_BIT_CONVERSION = YES;
				GCC_WARN_ABOUT_RETURN_TYPE = YES_ERROR;
				GCC_WARN_UNDECLARED_SELECTOR = YES;
				GCC_WARN_UNINITIALIZED_AUTOS = YES_AGGRESSIVE;
				GCC_WARN_UNUSED_FUNCTION = YES;
				GCC_WARN_UNUSED_VARIABLE = YES;
				IPHONEOS_DEPLOYMENT_TARGET = 11.4;
				MTL_ENABLE_DEBUG_INFO = YES;
				ONLY_ACTIVE_ARCH = YES;
				SDKROOT = iphoneos;
				SWIFT_ACTIVE_COMPILATION_CONDITIONS = DEBUG;
				SWIFT_OPTIMIZATION_LEVEL = "-Onone";
			};
			name = Debug;
		};
		45448E9A210B4C9C0011DED0 /* Release */ = {
			isa = XCBuildConfiguration;
			buildSettings = {
				ALWAYS_SEARCH_USER_PATHS = NO;
				CLANG_ANALYZER_NONNULL = YES;
				CLANG_ANALYZER_NUMBER_OBJECT_CONVERSION = YES_AGGRESSIVE;
				CLANG_CXX_LANGUAGE_STANDARD = "gnu++14";
				CLANG_CXX_LIBRARY = "libc++";
				CLANG_ENABLE_MODULES = YES;
				CLANG_ENABLE_OBJC_ARC = YES;
				CLANG_ENABLE_OBJC_WEAK = YES;
				CLANG_WARN_BLOCK_CAPTURE_AUTORELEASING = YES;
				CLANG_WARN_BOOL_CONVERSION = YES;
				CLANG_WARN_COMMA = YES;
				CLANG_WARN_CONSTANT_CONVERSION = YES;
				CLANG_WARN_DEPRECATED_OBJC_IMPLEMENTATIONS = YES;
				CLANG_WARN_DIRECT_OBJC_ISA_USAGE = YES_ERROR;
				CLANG_WARN_DOCUMENTATION_COMMENTS = YES;
				CLANG_WARN_EMPTY_BODY = YES;
				CLANG_WARN_ENUM_CONVERSION = YES;
				CLANG_WARN_INFINITE_RECURSION = YES;
				CLANG_WARN_INT_CONVERSION = YES;
				CLANG_WARN_NON_LITERAL_NULL_CONVERSION = YES;
				CLANG_WARN_OBJC_IMPLICIT_RETAIN_SELF = YES;
				CLANG_WARN_OBJC_LITERAL_CONVERSION = YES;
				CLANG_WARN_OBJC_ROOT_CLASS = YES_ERROR;
				CLANG_WARN_RANGE_LOOP_ANALYSIS = YES;
				CLANG_WARN_STRICT_PROTOTYPES = YES;
				CLANG_WARN_SUSPICIOUS_MOVE = YES;
				CLANG_WARN_UNGUARDED_AVAILABILITY = YES_AGGRESSIVE;
				CLANG_WARN_UNREACHABLE_CODE = YES;
				CLANG_WARN__DUPLICATE_METHOD_MATCH = YES;
				CODE_SIGN_IDENTITY = "iPhone Developer";
				COPY_PHASE_STRIP = NO;
				DEBUG_INFORMATION_FORMAT = "dwarf-with-dsym";
				ENABLE_NS_ASSERTIONS = NO;
				ENABLE_STRICT_OBJC_MSGSEND = YES;
				GCC_C_LANGUAGE_STANDARD = gnu11;
				GCC_NO_COMMON_BLOCKS = YES;
				GCC_WARN_64_TO_32_BIT_CONVERSION = YES;
				GCC_WARN_ABOUT_RETURN_TYPE = YES_ERROR;
				GCC_WARN_UNDECLARED_SELECTOR = YES;
				GCC_WARN_UNINITIALIZED_AUTOS = YES_AGGRESSIVE;
				GCC_WARN_UNUSED_FUNCTION = YES;
				GCC_WARN_UNUSED_VARIABLE = YES;
				IPHONEOS_DEPLOYMENT_TARGET = 11.4;
				MTL_ENABLE_DEBUG_INFO = NO;
				SDKROOT = iphoneos;
				SWIFT_COMPILATION_MODE = wholemodule;
				SWIFT_OPTIMIZATION_LEVEL = "-O";
				VALIDATE_PRODUCT = YES;
			};
			name = Release;
		};
		45448E9C210B4C9C0011DED0 /* Debug */ = {
			isa = XCBuildConfiguration;
			baseConfigurationReference = 43EA38942AB18AFF8FA855FD /* Pods-RxSwift_Instagram.debug.xcconfig */;
			buildSettings = {
				ASSETCATALOG_COMPILER_APPICON_NAME = AppIcon;
				CODE_SIGN_STYLE = Automatic;
				DEVELOPMENT_TEAM = LRKSJFWZFK;
				INFOPLIST_FILE = RxSwift_Instagram/Info.plist;
				IPHONEOS_DEPLOYMENT_TARGET = 9.0;
				LD_RUNPATH_SEARCH_PATHS = (
					"$(inherited)",
					"@executable_path/Frameworks",
				);
				PRODUCT_BUNDLE_IDENTIFIER = "com.svs.RxSwift-Instagram";
				PRODUCT_NAME = "$(TARGET_NAME)";
				SWIFT_VERSION = 4.0;
				TARGETED_DEVICE_FAMILY = "1,2";
			};
			name = Debug;
		};
		45448E9D210B4C9C0011DED0 /* Release */ = {
			isa = XCBuildConfiguration;
			baseConfigurationReference = A7A6C76AA02C3AF25B7D7DCC /* Pods-RxSwift_Instagram.release.xcconfig */;
			buildSettings = {
				ASSETCATALOG_COMPILER_APPICON_NAME = AppIcon;
				CODE_SIGN_STYLE = Automatic;
				DEVELOPMENT_TEAM = LRKSJFWZFK;
				INFOPLIST_FILE = RxSwift_Instagram/Info.plist;
				IPHONEOS_DEPLOYMENT_TARGET = 9.0;
				LD_RUNPATH_SEARCH_PATHS = (
					"$(inherited)",
					"@executable_path/Frameworks",
				);
				PRODUCT_BUNDLE_IDENTIFIER = "com.svs.RxSwift-Instagram";
				PRODUCT_NAME = "$(TARGET_NAME)";
				SWIFT_VERSION = 4.0;
				TARGETED_DEVICE_FAMILY = "1,2";
			};
			name = Release;
		};
/* End XCBuildConfiguration section */

/* Begin XCConfigurationList section */
		45448E84210B4C9A0011DED0 /* Build configuration list for PBXProject "RxSwift_Instagram" */ = {
			isa = XCConfigurationList;
			buildConfigurations = (
				45448E99210B4C9C0011DED0 /* Debug */,
				45448E9A210B4C9C0011DED0 /* Release */,
			);
			defaultConfigurationIsVisible = 0;
			defaultConfigurationName = Release;
		};
		45448E9B210B4C9C0011DED0 /* Build configuration list for PBXNativeTarget "RxSwift_Instagram" */ = {
			isa = XCConfigurationList;
			buildConfigurations = (
				45448E9C210B4C9C0011DED0 /* Debug */,
				45448E9D210B4C9C0011DED0 /* Release */,
			);
			defaultConfigurationIsVisible = 0;
			defaultConfigurationName = Release;
		};
/* End XCConfigurationList section */
	};
	rootObject = 45448E81210B4C9A0011DED0 /* Project object */;
}
